// !$*UTF8*$!
{
	archiveVersion = 1;
	classes = {
	};
	objectVersion = 56;
	objects = {

/* Begin PBXBuildFile section */
		0C30DB8429B66B8E009DBB6B /* AppDelegate.swift in Sources */ = {isa = PBXBuildFile; fileRef = 0C30DB8329B66B8E009DBB6B /* AppDelegate.swift */; };
		0C30DB8629B66B8E009DBB6B /* SceneDelegate.swift in Sources */ = {isa = PBXBuildFile; fileRef = 0C30DB8529B66B8E009DBB6B /* SceneDelegate.swift */; };
		0C30DB8829B66B8E009DBB6B /* NoteDetailVC.swift in Sources */ = {isa = PBXBuildFile; fileRef = 0C30DB8729B66B8E009DBB6B /* NoteDetailVC.swift */; };
		0C30DB8B29B66B8E009DBB6B /* Main.storyboard in Resources */ = {isa = PBXBuildFile; fileRef = 0C30DB8929B66B8E009DBB6B /* Main.storyboard */; };
		0C30DB8D29B66B8F009DBB6B /* Assets.xcassets in Resources */ = {isa = PBXBuildFile; fileRef = 0C30DB8C29B66B8F009DBB6B /* Assets.xcassets */; };
		0C30DB9029B66B8F009DBB6B /* LaunchScreen.storyboard in Resources */ = {isa = PBXBuildFile; fileRef = 0C30DB8E29B66B8F009DBB6B /* LaunchScreen.storyboard */; };
		0C30DB9829B675DB009DBB6B /* NoteCell.swift in Sources */ = {isa = PBXBuildFile; fileRef = 0C30DB9729B675DB009DBB6B /* NoteCell.swift */; };
		0C30DB9A29B675EC009DBB6B /* NoteTableView.swift in Sources */ = {isa = PBXBuildFile; fileRef = 0C30DB9929B675EC009DBB6B /* NoteTableView.swift */; };
/* End PBXBuildFile section */

/* Begin PBXFileReference section */
		0C30DB8029B66B8E009DBB6B /* noteApp.app */ = {isa = PBXFileReference; explicitFileType = wrapper.application; includeInIndex = 0; path = noteApp.app; sourceTree = BUILT_PRODUCTS_DIR; };
		0C30DB8329B66B8E009DBB6B /* AppDelegate.swift */ = {isa = PBXFileReference; lastKnownFileType = sourcecode.swift; path = AppDelegate.swift; sourceTree = "<group>"; };
		0C30DB8529B66B8E009DBB6B /* SceneDelegate.swift */ = {isa = PBXFileReference; lastKnownFileType = sourcecode.swift; path = SceneDelegate.swift; sourceTree = "<group>"; };
		0C30DB8729B66B8E009DBB6B /* NoteDetailVC.swift */ = {isa = PBXFileReference; lastKnownFileType = sourcecode.swift; path = NoteDetailVC.swift; sourceTree = "<group>"; };
		0C30DB8A29B66B8E009DBB6B /* Base */ = {isa = PBXFileReference; lastKnownFileType = file.storyboard; name = Base; path = Base.lproj/Main.storyboard; sourceTree = "<group>"; };
		0C30DB8C29B66B8F009DBB6B /* Assets.xcassets */ = {isa = PBXFileReference; lastKnownFileType = folder.assetcatalog; path = Assets.xcassets; sourceTree = "<group>"; };
		0C30DB8F29B66B8F009DBB6B /* Base */ = {isa = PBXFileReference; lastKnownFileType = file.storyboard; name = Base; path = Base.lproj/LaunchScreen.storyboard; sourceTree = "<group>"; };
		0C30DB9129B66B8F009DBB6B /* Info.plist */ = {isa = PBXFileReference; lastKnownFileType = text.plist.xml; path = Info.plist; sourceTree = "<group>"; };
		0C30DB9729B675DB009DBB6B /* NoteCell.swift */ = {isa = PBXFileReference; lastKnownFileType = sourcecode.swift; path = NoteCell.swift; sourceTree = "<group>"; };
		0C30DB9929B675EC009DBB6B /* NoteTableView.swift */ = {isa = PBXFileReference; lastKnownFileType = sourcecode.swift; path = NoteTableView.swift; sourceTree = "<group>"; };
/* End PBXFileReference section */

/* Begin PBXFrameworksBuildPhase section */
		0C30DB7D29B66B8E009DBB6B /* Frameworks */ = {
			isa = PBXFrameworksBuildPhase;
			buildActionMask = 2147483647;
			files = (
			);
			runOnlyForDeploymentPostprocessing = 0;
		};
/* End PBXFrameworksBuildPhase section */

/* Begin PBXGroup section */
		0C30DB7729B66B8E009DBB6B = {
			isa = PBXGroup;
			children = (
				0C30DB8229B66B8E009DBB6B /* noteApp */,
				0C30DB8129B66B8E009DBB6B /* Products */,
			);
			sourceTree = "<group>";
		};
		0C30DB8129B66B8E009DBB6B /* Products */ = {
			isa = PBXGroup;
			children = (
				0C30DB8029B66B8E009DBB6B /* noteApp.app */,
			);
			name = Products;
			sourceTree = "<group>";
		};
		0C30DB8229B66B8E009DBB6B /* noteApp */ = {
			isa = PBXGroup;
			children = (
				0C30DB8329B66B8E009DBB6B /* AppDelegate.swift */,
				0C30DB8529B66B8E009DBB6B /* SceneDelegate.swift */,
				0C30DB8729B66B8E009DBB6B /* NoteDetailVC.swift */,
				0C30DB8929B66B8E009DBB6B /* Main.storyboard */,
				0C30DB9729B675DB009DBB6B /* NoteCell.swift */,
				0C30DB9929B675EC009DBB6B /* NoteTableView.swift */,
				0C30DB8C29B66B8F009DBB6B /* Assets.xcassets */,
				0C30DB8E29B66B8F009DBB6B /* LaunchScreen.storyboard */,
				0C30DB9129B66B8F009DBB6B /* Info.plist */,
			);
			path = noteApp;
			sourceTree = "<group>";
		};
/* End PBXGroup section */

/* Begin PBXNativeTarget section */
		0C30DB7F29B66B8E009DBB6B /* noteApp */ = {
			isa = PBXNativeTarget;
			buildConfigurationList = 0C30DB9429B66B8F009DBB6B /* Build configuration list for PBXNativeTarget "noteApp" */;
			buildPhases = (
				0C30DB7C29B66B8E009DBB6B /* Sources */,
				0C30DB7D29B66B8E009DBB6B /* Frameworks */,
				0C30DB7E29B66B8E009DBB6B /* Resources */,
			);
			buildRules = (
			);
			dependencies = (
			);
			name = noteApp;
			productName = noteApp;
			productReference = 0C30DB8029B66B8E009DBB6B /* noteApp.app */;
			productType = "com.apple.product-type.application";
		};
/* End PBXNativeTarget section */

/* Begin PBXProject section */
		0C30DB7829B66B8E009DBB6B /* Project object */ = {
			isa = PBXProject;
			attributes = {
				BuildIndependentTargetsInParallel = 1;
				LastSwiftUpdateCheck = 1420;
				LastUpgradeCheck = 1420;
				TargetAttributes = {
					0C30DB7F29B66B8E009DBB6B = {
						CreatedOnToolsVersion = 14.2;
					};
				};
			};
			buildConfigurationList = 0C30DB7B29B66B8E009DBB6B /* Build configuration list for PBXProject "noteApp" */;
			compatibilityVersion = "Xcode 14.0";
			developmentRegion = en;
			hasScannedForEncodings = 0;
			knownRegions = (
				en,
				Base,
			);
			mainGroup = 0C30DB7729B66B8E009DBB6B;
			productRefGroup = 0C30DB8129B66B8E009DBB6B /* Products */;
			projectDirPath = "";
			projectRoot = "";
			targets = (
				0C30DB7F29B66B8E009DBB6B /* noteApp */,
			);
		};
/* End PBXProject section */

/* Begin PBXResourcesBuildPhase section */
		0C30DB7E29B66B8E009DBB6B /* Resources */ = {
			isa = PBXResourcesBuildPhase;
			buildActionMask = 2147483647;
			files = (
				0C30DB9029B66B8F009DBB6B /* LaunchScreen.storyboard in Resources */,
				0C30DB8D29B66B8F009DBB6B /* Assets.xcassets in Resources */,
				0C30DB8B29B66B8E009DBB6B /* Main.storyboard in Resources */,
			);
			runOnlyForDeploymentPostprocessing = 0;
		};
/* End PBXResourcesBuildPhase section */

/* Begin PBXSourcesBuildPhase section */
		0C30DB7C29B66B8E009DBB6B /* Sources */ = {
			isa = PBXSourcesBuildPhase;
			buildActionMask = 2147483647;
			files = (
				0C30DB8829B66B8E009DBB6B /* NoteDetailVC.swift in Sources */,
				0C30DB8429B66B8E009DBB6B /* AppDelegate.swift in Sources */,
				0C30DB8629B66B8E009DBB6B /* SceneDelegate.swift in Sources */,
				0C30DB9A29B675EC009DBB6B /* NoteTableView.swift in Sources */,
				0C30DB9829B675DB009DBB6B /* NoteCell.swift in Sources */,
			);
			runOnlyForDeploymentPostprocessing = 0;
		};
/* End PBXSourcesBuildPhase section */

/* Begin PBXVariantGroup section */
		0C30DB8929B66B8E009DBB6B /* Main.storyboard */ = {
			isa = PBXVariantGroup;
			children = (
				0C30DB8A29B66B8E009DBB6B /* Base */,
			);
			name = Main.storyboard;
			sourceTree = "<group>";
		};
		0C30DB8E29B66B8F009DBB6B /* LaunchScreen.storyboard */ = {
			isa = PBXVariantGroup;
			children = (
				0C30DB8F29B66B8F009DBB6B /* Base */,
			);
			name = LaunchScreen.storyboard;
			sourceTree = "<group>";
		};
/* End PBXVariantGroup section */

/* Begin XCBuildConfiguration section */
		0C30DB9229B66B8F009DBB6B /* Debug */ = {
			isa = XCBuildConfiguration;
			buildSettings = {
				ALWAYS_SEARCH_USER_PATHS = NO;
				CLANG_ANALYZER_NONNULL = YES;
				CLANG_ANALYZER_NUMBER_OBJECT_CONVERSION = YES_AGGRESSIVE;
				CLANG_CXX_LANGUAGE_STANDARD = "gnu++20";
				CLANG_ENABLE_MODULES = YES;
				CLANG_ENABLE_OBJC_ARC = YES;
				CLANG_ENABLE_OBJC_WEAK = YES;
				CLANG_WARN_BLOCK_CAPTURE_AUTORELEASING = YES;
				CLANG_WARN_BOOL_CONVERSION = YES;
				CLANG_WARN_COMMA = YES;
				CLANG_WARN_CONSTANT_CONVERSION = YES;
				CLANG_WARN_DEPRECATED_OBJC_IMPLEMENTATIONS = YES;
				CLANG_WARN_DIRECT_OBJC_ISA_USAGE = YES_ERROR;
				CLANG_WARN_DOCUMENTATION_COMMENTS = YES;
				CLANG_WARN_EMPTY_BODY = YES;
				CLANG_WARN_ENUM_CONVERSION = YES;
				CLANG_WARN_INFINITE_RECURSION = YES;
				CLANG_WARN_INT_CONVERSION = YES;
				CLANG_WARN_NON_LITERAL_NULL_CONVERSION = YES;
				CLANG_WARN_OBJC_IMPLICIT_RETAIN_SELF = YES;
				CLANG_WARN_OBJC_LITERAL_CONVERSION = YES;
				CLANG_WARN_OBJC_ROOT_CLASS = YES_ERROR;
				CLANG_WARN_QUOTED_INCLUDE_IN_FRAMEWORK_HEADER = YES;
				CLANG_WARN_RANGE_LOOP_ANALYSIS = YES;
				CLANG_WARN_STRICT_PROTOTYPES = YES;
				CLANG_WARN_SUSPICIOUS_MOVE = YES;
				CLANG_WARN_UNGUARDED_AVAILABILITY = YES_AGGRESSIVE;
				CLANG_WARN_UNREACHABLE_CODE = YES;
				CLANG_WARN__DUPLICATE_METHOD_MATCH = YES;
				COPY_PHASE_STRIP = NO;
				DEBUG_INFORMATION_FORMAT = dwarf;
				ENABLE_STRICT_OBJC_MSGSEND = YES;
				ENABLE_TESTABILITY = YES;
				GCC_C_LANGUAGE_STANDARD = gnu11;
				GCC_DYNAMIC_NO_PIC = NO;
				GCC_NO_COMMON_BLOCKS = YES;
				GCC_OPTIMIZATION_LEVEL = 0;
				GCC_PREPROCESSOR_DEFINITIONS = (
					"DEBUG=1",
					"$(inherited)",
				);
				GCC_WARN_64_TO_32_BIT_CONVERSION = YES;
				GCC_WARN_ABOUT_RETURN_TYPE = YES_ERROR;
				GCC_WARN_UNDECLARED_SELECTOR = YES;
				GCC_WARN_UNINITIALIZED_AUTOS = YES_AGGRESSIVE;
				GCC_WARN_UNUSED_FUNCTION = YES;
				GCC_WARN_UNUSED_VARIABLE = YES;
				IPHONEOS_DEPLOYMENT_TARGET = 16.2;
				MTL_ENABLE_DEBUG_INFO = INCLUDE_SOURCE;
				MTL_FAST_MATH = YES;
				ONLY_ACTIVE_ARCH = YES;
				SDKROOT = iphoneos;
				SWIFT_ACTIVE_COMPILATION_CONDITIONS = DEBUG;
				SWIFT_OPTIMIZATION_LEVEL = "-Onone";
			};
			name = Debug;
		};
		0C30DB9329B66B8F009DBB6B /* Release */ = {
			isa = XCBuildConfiguration;
			buildSettings = {
				ALWAYS_SEARCH_USER_PATHS = NO;
				CLANG_ANALYZER_NONNULL = YES;
				CLANG_ANALYZER_NUMBER_OBJECT_CONVERSION = YES_AGGRESSIVE;
				CLANG_CXX_LANGUAGE_STANDARD = "gnu++20";
				CLANG_ENABLE_MODULES = YES;
				CLANG_ENABLE_OBJC_ARC = YES;
				CLANG_ENABLE_OBJC_WEAK = YES;
				CLANG_WARN_BLOCK_CAPTURE_AUTORELEASING = YES;
				CLANG_WARN_BOOL_CONVERSION = YES;
				CLANG_WARN_COMMA = YES;
				CLANG_WARN_CONSTANT_CONVERSION = YES;
				CLANG_WARN_DEPRECATED_OBJC_IMPLEMENTATIONS = YES;
				CLANG_WARN_DIRECT_OBJC_ISA_USAGE = YES_ERROR;
				CLANG_WARN_DOCUMENTATION_COMMENTS = YES;
				CLANG_WARN_EMPTY_BODY = YES;
				CLANG_WARN_ENUM_CONVERSION = YES;
				CLANG_WARN_INFINITE_RECURSION = YES;
				CLANG_WARN_INT_CONVERSION = YES;
				CLANG_WARN_NON_LITERAL_NULL_CONVERSION = YES;
				CLANG_WARN_OBJC_IMPLICIT_RETAIN_SELF = YES;
				CLANG_WARN_OBJC_LITERAL_CONVERSION = YES;
				CLANG_WARN_OBJC_ROOT_CLASS = YES_ERROR;
				CLANG_WARN_QUOTED_INCLUDE_IN_FRAMEWORK_HEADER = YES;
				CLANG_WARN_RANGE_LOOP_ANALYSIS = YES;
				CLANG_WARN_STRICT_PROTOTYPES = YES;
				CLANG_WARN_SUSPICIOUS_MOVE = YES;
				CLANG_WARN_UNGUARDED_AVAILABILITY = YES_AGGRESSIVE;
				CLANG_WARN_UNREACHABLE_CODE = YES;
				CLANG_WARN__DUPLICATE_METHOD_MATCH = YES;
				COPY_PHASE_STRIP = NO;
				DEBUG_INFORMATION_FORMAT = "dwarf-with-dsym";
				ENABLE_NS_ASSERTIONS = NO;
				ENABLE_STRICT_OBJC_MSGSEND = YES;
				GCC_C_LANGUAGE_STANDARD = gnu11;
				GCC_NO_COMMON_BLOCKS = YES;
				GCC_WARN_64_TO_32_BIT_CONVERSION = YES;
				GCC_WARN_ABOUT_RETURN_TYPE = YES_ERROR;
				GCC_WARN_UNDECLARED_SELECTOR = YES;
				GCC_WARN_UNINITIALIZED_AUTOS = YES_AGGRESSIVE;
				GCC_WARN_UNUSED_FUNCTION = YES;
				GCC_WARN_UNUSED_VARIABLE = YES;
				IPHONEOS_DEPLOYMENT_TARGET = 16.2;
				MTL_ENABLE_DEBUG_INFO = NO;
				MTL_FAST_MATH = YES;
				SDKROOT = iphoneos;
				SWIFT_COMPILATION_MODE = wholemodule;
				SWIFT_OPTIMIZATION_LEVEL = "-O";
				VALIDATE_PRODUCT = YES;
			};
			name = Release;
		};
		0C30DB9529B66B8F009DBB6B /* Debug */ = {
			isa = XCBuildConfiguration;
			buildSettings = {
				ASSETCATALOG_COMPILER_APPICON_NAME = AppIcon;
				ASSETCATALOG_COMPILER_GLOBAL_ACCENT_COLOR_NAME = AccentColor;
				CODE_SIGN_STYLE = Automatic;
				CURRENT_PROJECT_VERSION = 1;
				DEVELOPMENT_TEAM = 6RBZ7MMB5U;
				GENERATE_INFOPLIST_FILE = YES;
				INFOPLIST_FILE = noteApp/Info.plist;
				INFOPLIST_KEY_UIApplicationSupportsIndirectInputEvents = YES;
				INFOPLIST_KEY_UILaunchStoryboardName = LaunchScreen;
				INFOPLIST_KEY_UIMainStoryboardFile = Main;
				INFOPLIST_KEY_UISupportedInterfaceOrientations_iPad = "UIInterfaceOrientationPortrait UIInterfaceOrientationPortraitUpsideDown UIInterfaceOrientationLandscapeLeft UIInterfaceOrientationLandscapeRight";
				INFOPLIST_KEY_UISupportedInterfaceOrientations_iPhone = "UIInterfaceOrientationPortrait UIInterfaceOrientationLandscapeLeft UIInterfaceOrientationLandscapeRight";
				LD_RUNPATH_SEARCH_PATHS = (
					"$(inherited)",
					"@executable_path/Frameworks",
				);
				MARKETING_VERSION = 1.0;
				PRODUCT_BUNDLE_IDENTIFIER = in.edu.srmist.noteApp;
				PRODUCT_NAME = "$(TARGET_NAME)";
				SWIFT_EMIT_LOC_STRINGS = YES;
				SWIFT_VERSION = 5.0;
				TARGETED_DEVICE_FAMILY = "1,2";
			};
			name = Debug;
		};
		0C30DB9629B66B8F009DBB6B /* Release */ = {
			isa = XCBuildConfiguration;
			buildSettings = {
				ASSETCATALOG_COMPILER_APPICON_NAME = AppIcon;
				ASSETCATALOG_COMPILER_GLOBAL_ACCENT_COLOR_NAME = AccentColor;
				CODE_SIGN_STYLE = Automatic;
				CURRENT_PROJECT_VERSION = 1;
				DEVELOPMENT_TEAM = 6RBZ7MMB5U;
				GENERATE_INFOPLIST_FILE = YES;
				INFOPLIST_FILE = noteApp/Info.plist;
				INFOPLIST_KEY_UIApplicationSupportsIndirectInputEvents = YES;
				INFOPLIST_KEY_UILaunchStoryboardName = LaunchScreen;
				INFOPLIST_KEY_UIMainStoryboardFile = Main;
				INFOPLIST_KEY_UISupportedInterfaceOrientations_iPad = "UIInterfaceOrientationPortrait UIInterfaceOrientationPortraitUpsideDown UIInterfaceOrientationLandscapeLeft UIInterfaceOrientationLandscapeRight";
				INFOPLIST_KEY_UISupportedInterfaceOrientations_iPhone = "UIInterfaceOrientationPortrait UIInterfaceOrientationLandscapeLeft UIInterfaceOrientationLandscapeRight";
				LD_RUNPATH_SEARCH_PATHS = (
					"$(inherited)",
					"@executable_path/Frameworks",
				);
				MARKETING_VERSION = 1.0;
				PRODUCT_BUNDLE_IDENTIFIER = in.edu.srmist.noteApp;
				PRODUCT_NAME = "$(TARGET_NAME)";
				SWIFT_EMIT_LOC_STRINGS = YES;
				SWIFT_VERSION = 5.0;
				TARGETED_DEVICE_FAMILY = "1,2";
			};
			name = Release;
		};
/* End XCBuildConfiguration section */

/* Begin XCConfigurationList section */
		0C30DB7B29B66B8E009DBB6B /* Build configuration list for PBXProject "noteApp" */ = {
			isa = XCConfigurationList;
			buildConfigurations = (
				0C30DB9229B66B8F009DBB6B /* Debug */,
				0C30DB9329B66B8F009DBB6B /* Release */,
			);
			defaultConfigurationIsVisible = 0;
			defaultConfigurationName = Release;
		};
		0C30DB9429B66B8F009DBB6B /* Build configuration list for PBXNativeTarget "noteApp" */ = {
			isa = XCConfigurationList;
			buildConfigurations = (
				0C30DB9529B66B8F009DBB6B /* Debug */,
				0C30DB9629B66B8F009DBB6B /* Release */,
			);
			defaultConfigurationIsVisible = 0;
			defaultConfigurationName = Release;
		};
/* End XCConfigurationList section */
	};
	rootObject = 0C30DB7829B66B8E009DBB6B /* Project object */;
}
